// !$*UTF8*$!
{
	archiveVersion = 1;
	classes = {
	};
	objectVersion = 50;
	objects = {

/* Begin PBXBuildFile section */
		9D0A79472193D955009696D0 /* Assets.xcassets in Resources */ = {isa = PBXBuildFile; fileRef = 9D0A79462193D955009696D0 /* Assets.xcassets */; };
		9D0A79762194095B009696D0 /* MessageInputDelegate.swift in Sources */ = {isa = PBXBuildFile; fileRef = 9D0A79752194095B009696D0 /* MessageInputDelegate.swift */; };
		9D0A79AB21943727009696D0 /* RoundView.framework in Frameworks */ = {isa = PBXBuildFile; fileRef = 9D0A79AA21943727009696D0 /* RoundView.framework */; };
		9D0A79AC21943A21009696D0 /* RoundView.framework in Frameworks */ = {isa = PBXBuildFile; fileRef = 9D0A79AA21943727009696D0 /* RoundView.framework */; };
		9D0A79AD21943A21009696D0 /* RoundView.framework in Embed Frameworks */ = {isa = PBXBuildFile; fileRef = 9D0A79AA21943727009696D0 /* RoundView.framework */; settings = {ATTRIBUTES = (CodeSignOnCopy, RemoveHeadersOnCopy, ); }; };
		9D0A79B0219809C0009696D0 /* ImageFile.swift in Sources */ = {isa = PBXBuildFile; fileRef = 9D0A79AF219809BF009696D0 /* ImageFile.swift */; };
		9D511263218AD7A300886938 /* CircleView.framework in Frameworks */ = {isa = PBXBuildFile; fileRef = 9DF4EFDA21721BDC00CA4DE7 /* CircleView.framework */; };
		9D511266218AD7A400886938 /* VoiceInput.framework in Frameworks */ = {isa = PBXBuildFile; fileRef = 9D511264218AD7A400886938 /* VoiceInput.framework */; };
		9D511267218AD7A400886938 /* SimpleButton.framework in Frameworks */ = {isa = PBXBuildFile; fileRef = 9D511265218AD7A400886938 /* SimpleButton.framework */; };
		9D51127C218AEA5600886938 /* EmotionInput.framework in Frameworks */ = {isa = PBXBuildFile; fileRef = 9D51127B218AEA5600886938 /* EmotionInput.framework */; };
		9D51127E218AEAC500886938 /* DotIndicator.framework in Frameworks */ = {isa = PBXBuildFile; fileRef = 9D51127D218AEAC500886938 /* DotIndicator.framework */; };
		9D51679F2192D1D50047BBEE /* CameraView.framework in Frameworks */ = {isa = PBXBuildFile; fileRef = 9D51679E2192D1D50047BBEE /* CameraView.framework */; };
		9D5167A02192DCBF0047BBEE /* CircleView.framework in Frameworks */ = {isa = PBXBuildFile; fileRef = 9DF4EFDA21721BDC00CA4DE7 /* CircleView.framework */; };
		9D5167A12192DCBF0047BBEE /* CircleView.framework in Embed Frameworks */ = {isa = PBXBuildFile; fileRef = 9DF4EFDA21721BDC00CA4DE7 /* CircleView.framework */; settings = {ATTRIBUTES = (CodeSignOnCopy, RemoveHeadersOnCopy, ); }; };
		9D5167A22192DCBF0047BBEE /* MessageInput.framework in Frameworks */ = {isa = PBXBuildFile; fileRef = 9DF4EFB52172175200CA4DE7 /* MessageInput.framework */; };
		9D5167A32192DCBF0047BBEE /* MessageInput.framework in Embed Frameworks */ = {isa = PBXBuildFile; fileRef = 9DF4EFB52172175200CA4DE7 /* MessageInput.framework */; settings = {ATTRIBUTES = (CodeSignOnCopy, RemoveHeadersOnCopy, ); }; };
		9D5167A42192DCBF0047BBEE /* CameraView.framework in Frameworks */ = {isa = PBXBuildFile; fileRef = 9D51679E2192D1D50047BBEE /* CameraView.framework */; };
		9D5167A52192DCBF0047BBEE /* CameraView.framework in Embed Frameworks */ = {isa = PBXBuildFile; fileRef = 9D51679E2192D1D50047BBEE /* CameraView.framework */; settings = {ATTRIBUTES = (CodeSignOnCopy, RemoveHeadersOnCopy, ); }; };
		9D5167A62192DCBF0047BBEE /* DotIndicator.framework in Frameworks */ = {isa = PBXBuildFile; fileRef = 9D51127D218AEAC500886938 /* DotIndicator.framework */; };
		9D5167A72192DCBF0047BBEE /* DotIndicator.framework in Embed Frameworks */ = {isa = PBXBuildFile; fileRef = 9D51127D218AEAC500886938 /* DotIndicator.framework */; settings = {ATTRIBUTES = (CodeSignOnCopy, RemoveHeadersOnCopy, ); }; };
		9D5167A82192DCBF0047BBEE /* EmotionInput.framework in Frameworks */ = {isa = PBXBuildFile; fileRef = 9D51127B218AEA5600886938 /* EmotionInput.framework */; };
		9D5167A92192DCBF0047BBEE /* EmotionInput.framework in Embed Frameworks */ = {isa = PBXBuildFile; fileRef = 9D51127B218AEA5600886938 /* EmotionInput.framework */; settings = {ATTRIBUTES = (CodeSignOnCopy, RemoveHeadersOnCopy, ); }; };
		9D5167AA2192DCBF0047BBEE /* SimpleButton.framework in Frameworks */ = {isa = PBXBuildFile; fileRef = 9D511265218AD7A400886938 /* SimpleButton.framework */; };
		9D5167AB2192DCBF0047BBEE /* SimpleButton.framework in Embed Frameworks */ = {isa = PBXBuildFile; fileRef = 9D511265218AD7A400886938 /* SimpleButton.framework */; settings = {ATTRIBUTES = (CodeSignOnCopy, RemoveHeadersOnCopy, ); }; };
		9D5167AC2192DCBF0047BBEE /* VoiceInput.framework in Frameworks */ = {isa = PBXBuildFile; fileRef = 9D511264218AD7A400886938 /* VoiceInput.framework */; };
		9D5167AD2192DCBF0047BBEE /* VoiceInput.framework in Embed Frameworks */ = {isa = PBXBuildFile; fileRef = 9D511264218AD7A400886938 /* VoiceInput.framework */; settings = {ATTRIBUTES = (CodeSignOnCopy, RemoveHeadersOnCopy, ); }; };
		9D9B4DBC21A28DBA006110EE /* ViewMode.swift in Sources */ = {isa = PBXBuildFile; fileRef = 9D9B4DBB21A28DBA006110EE /* ViewMode.swift */; };
		9DF4EFC72172176D00CA4DE7 /* AppDelegate.swift in Sources */ = {isa = PBXBuildFile; fileRef = 9DF4EFC62172176D00CA4DE7 /* AppDelegate.swift */; };
		9DF4EFC92172176D00CA4DE7 /* ViewController.swift in Sources */ = {isa = PBXBuildFile; fileRef = 9DF4EFC82172176D00CA4DE7 /* ViewController.swift */; };
		9DF4EFCC2172176D00CA4DE7 /* Main.storyboard in Resources */ = {isa = PBXBuildFile; fileRef = 9DF4EFCA2172176D00CA4DE7 /* Main.storyboard */; };
		9DF4EFCE2172176F00CA4DE7 /* Assets.xcassets in Resources */ = {isa = PBXBuildFile; fileRef = 9DF4EFCD2172176F00CA4DE7 /* Assets.xcassets */; };
		9DF4EFD12172176F00CA4DE7 /* LaunchScreen.storyboard in Resources */ = {isa = PBXBuildFile; fileRef = 9DF4EFCF2172176F00CA4DE7 /* LaunchScreen.storyboard */; };
		9DF4EFD9217218BC00CA4DE7 /* MessageInput.swift in Sources */ = {isa = PBXBuildFile; fileRef = 9DF4EFD8217218BC00CA4DE7 /* MessageInput.swift */; };
		9DF4EFE321722EC000CA4DE7 /* FeatureButton.swift in Sources */ = {isa = PBXBuildFile; fileRef = 9DF4EFE221722EC000CA4DE7 /* FeatureButton.swift */; };
		9DF4EFE52172348900CA4DE7 /* MessageInputConfiguration.swift in Sources */ = {isa = PBXBuildFile; fileRef = 9DF4EFE42172348900CA4DE7 /* MessageInputConfiguration.swift */; };
/* End PBXBuildFile section */

/* Begin PBXContainerItemProxy section */
		9DF4EFD6217218A500CA4DE7 /* PBXContainerItemProxy */ = {
			isa = PBXContainerItemProxy;
			containerPortal = 9DF4EFAC2172175200CA4DE7 /* Project object */;
			proxyType = 1;
			remoteGlobalIDString = 9DF4EFB42172175200CA4DE7;
			remoteInfo = MessageInput;
		};
/* End PBXContainerItemProxy section */

/* Begin PBXCopyFilesBuildPhase section */
		9D5167AE2192DCBF0047BBEE /* Embed Frameworks */ = {
			isa = PBXCopyFilesBuildPhase;
			buildActionMask = 2147483647;
			dstPath = "";
			dstSubfolderSpec = 10;
			files = (
				9D5167A52192DCBF0047BBEE /* CameraView.framework in Embed Frameworks */,
				9D5167A12192DCBF0047BBEE /* CircleView.framework in Embed Frameworks */,
				9D0A79AD21943A21009696D0 /* RoundView.framework in Embed Frameworks */,
				9D5167A72192DCBF0047BBEE /* DotIndicator.framework in Embed Frameworks */,
				9D5167A92192DCBF0047BBEE /* EmotionInput.framework in Embed Frameworks */,
				9D5167AB2192DCBF0047BBEE /* SimpleButton.framework in Embed Frameworks */,
				9D5167A32192DCBF0047BBEE /* MessageInput.framework in Embed Frameworks */,
				9D5167AD2192DCBF0047BBEE /* VoiceInput.framework in Embed Frameworks */,
			);
			name = "Embed Frameworks";
			runOnlyForDeploymentPostprocessing = 0;
		};
/* End PBXCopyFilesBuildPhase section */

/* Begin PBXFileReference section */
		9D0A79462193D955009696D0 /* Assets.xcassets */ = {isa = PBXFileReference; lastKnownFileType = folder.assetcatalog; path = Assets.xcassets; sourceTree = "<group>"; };
		9D0A79752194095B009696D0 /* MessageInputDelegate.swift */ = {isa = PBXFileReference; lastKnownFileType = sourcecode.swift; path = MessageInputDelegate.swift; sourceTree = "<group>"; };
		9D0A79AA21943727009696D0 /* RoundView.framework */ = {isa = PBXFileReference; lastKnownFileType = wrapper.framework; name = RoundView.framework; path = Carthage/Build/iOS/RoundView.framework; sourceTree = "<group>"; };
		9D0A79AF219809BF009696D0 /* ImageFile.swift */ = {isa = PBXFileReference; lastKnownFileType = sourcecode.swift; path = ImageFile.swift; sourceTree = "<group>"; };
		9D511264218AD7A400886938 /* VoiceInput.framework */ = {isa = PBXFileReference; lastKnownFileType = wrapper.framework; name = VoiceInput.framework; path = Carthage/Build/iOS/VoiceInput.framework; sourceTree = "<group>"; };
		9D511265218AD7A400886938 /* SimpleButton.framework */ = {isa = PBXFileReference; lastKnownFileType = wrapper.framework; name = SimpleButton.framework; path = Carthage/Build/iOS/SimpleButton.framework; sourceTree = "<group>"; };
		9D51127B218AEA5600886938 /* EmotionInput.framework */ = {isa = PBXFileReference; lastKnownFileType = wrapper.framework; name = EmotionInput.framework; path = Carthage/Build/iOS/EmotionInput.framework; sourceTree = "<group>"; };
		9D51127D218AEAC500886938 /* DotIndicator.framework */ = {isa = PBXFileReference; lastKnownFileType = wrapper.framework; name = DotIndicator.framework; path = Carthage/Build/iOS/DotIndicator.framework; sourceTree = "<group>"; };
		9D51679E2192D1D50047BBEE /* CameraView.framework */ = {isa = PBXFileReference; lastKnownFileType = wrapper.framework; name = CameraView.framework; path = Carthage/Build/iOS/CameraView.framework; sourceTree = "<group>"; };
		9D9B4DBB21A28DBA006110EE /* ViewMode.swift */ = {isa = PBXFileReference; lastKnownFileType = sourcecode.swift; path = ViewMode.swift; sourceTree = "<group>"; };
		9DF4EFB52172175200CA4DE7 /* MessageInput.framework */ = {isa = PBXFileReference; explicitFileType = wrapper.framework; includeInIndex = 0; path = MessageInput.framework; sourceTree = BUILT_PRODUCTS_DIR; };
		9DF4EFB92172175200CA4DE7 /* Info.plist */ = {isa = PBXFileReference; lastKnownFileType = text.plist.xml; path = Info.plist; sourceTree = "<group>"; };
		9DF4EFC42172176D00CA4DE7 /* Example.app */ = {isa = PBXFileReference; explicitFileType = wrapper.application; includeInIndex = 0; path = Example.app; sourceTree = BUILT_PRODUCTS_DIR; };
		9DF4EFC62172176D00CA4DE7 /* AppDelegate.swift */ = {isa = PBXFileReference; lastKnownFileType = sourcecode.swift; path = AppDelegate.swift; sourceTree = "<group>"; };
		9DF4EFC82172176D00CA4DE7 /* ViewController.swift */ = {isa = PBXFileReference; lastKnownFileType = sourcecode.swift; path = ViewController.swift; sourceTree = "<group>"; };
		9DF4EFCB2172176D00CA4DE7 /* Base */ = {isa = PBXFileReference; lastKnownFileType = file.storyboard; name = Base; path = Base.lproj/Main.storyboard; sourceTree = "<group>"; };
		9DF4EFCD2172176F00CA4DE7 /* Assets.xcassets */ = {isa = PBXFileReference; lastKnownFileType = folder.assetcatalog; path = Assets.xcassets; sourceTree = "<group>"; };
		9DF4EFD02172176F00CA4DE7 /* Base */ = {isa = PBXFileReference; lastKnownFileType = file.storyboard; name = Base; path = Base.lproj/LaunchScreen.storyboard; sourceTree = "<group>"; };
		9DF4EFD22172176F00CA4DE7 /* Info.plist */ = {isa = PBXFileReference; lastKnownFileType = text.plist.xml; path = Info.plist; sourceTree = "<group>"; };
		9DF4EFD8217218BC00CA4DE7 /* MessageInput.swift */ = {isa = PBXFileReference; lastKnownFileType = sourcecode.swift; path = MessageInput.swift; sourceTree = "<group>"; };
		9DF4EFDA21721BDC00CA4DE7 /* CircleView.framework */ = {isa = PBXFileReference; lastKnownFileType = wrapper.framework; name = CircleView.framework; path = Carthage/Build/iOS/CircleView.framework; sourceTree = "<group>"; };
		9DF4EFE221722EC000CA4DE7 /* FeatureButton.swift */ = {isa = PBXFileReference; lastKnownFileType = sourcecode.swift; path = FeatureButton.swift; sourceTree = "<group>"; };
		9DF4EFE42172348900CA4DE7 /* MessageInputConfiguration.swift */ = {isa = PBXFileReference; lastKnownFileType = sourcecode.swift; path = MessageInputConfiguration.swift; sourceTree = "<group>"; };
/* End PBXFileReference section */

/* Begin PBXFrameworksBuildPhase section */
		9DF4EFB12172175200CA4DE7 /* Frameworks */ = {
			isa = PBXFrameworksBuildPhase;
			buildActionMask = 2147483647;
			files = (
				9D0A79AB21943727009696D0 /* RoundView.framework in Frameworks */,
				9D51679F2192D1D50047BBEE /* CameraView.framework in Frameworks */,
				9D51127E218AEAC500886938 /* DotIndicator.framework in Frameworks */,
				9D51127C218AEA5600886938 /* EmotionInput.framework in Frameworks */,
				9D511266218AD7A400886938 /* VoiceInput.framework in Frameworks */,
				9D511267218AD7A400886938 /* SimpleButton.framework in Frameworks */,
				9D511263218AD7A300886938 /* CircleView.framework in Frameworks */,
			);
			runOnlyForDeploymentPostprocessing = 0;
		};
		9DF4EFC12172176D00CA4DE7 /* Frameworks */ = {
			isa = PBXFrameworksBuildPhase;
			buildActionMask = 2147483647;
			files = (
				9D5167A42192DCBF0047BBEE /* CameraView.framework in Frameworks */,
				9D5167A02192DCBF0047BBEE /* CircleView.framework in Frameworks */,
				9D0A79AC21943A21009696D0 /* RoundView.framework in Frameworks */,
				9D5167A62192DCBF0047BBEE /* DotIndicator.framework in Frameworks */,
				9D5167A82192DCBF0047BBEE /* EmotionInput.framework in Frameworks */,
				9D5167AA2192DCBF0047BBEE /* SimpleButton.framework in Frameworks */,
				9D5167A22192DCBF0047BBEE /* MessageInput.framework in Frameworks */,
				9D5167AC2192DCBF0047BBEE /* VoiceInput.framework in Frameworks */,
			);
			runOnlyForDeploymentPostprocessing = 0;
		};
/* End PBXFrameworksBuildPhase section */

/* Begin PBXGroup section */
		9D0A79AE2198099F009696D0 /* model */ = {
			isa = PBXGroup;
			children = (
				9D0A79AF219809BF009696D0 /* ImageFile.swift */,
			);
			path = model;
			sourceTree = "<group>";
		};
		9D511262218AD7A300886938 /* Frameworks */ = {
			isa = PBXGroup;
			children = (
				9D0A79AA21943727009696D0 /* RoundView.framework */,
				9D51679E2192D1D50047BBEE /* CameraView.framework */,
				9D51127D218AEAC500886938 /* DotIndicator.framework */,
				9D51127B218AEA5600886938 /* EmotionInput.framework */,
				9D511265218AD7A400886938 /* SimpleButton.framework */,
				9D511264218AD7A400886938 /* VoiceInput.framework */,
			);
			name = Frameworks;
			sourceTree = "<group>";
		};
		9D86CADD2189442A00C8F5CB /* view */ = {
			isa = PBXGroup;
			children = (
				9DF4EFE221722EC000CA4DE7 /* FeatureButton.swift */,
			);
			path = view;
			sourceTree = "<group>";
		};
		9D9B4DBA21A28DA9006110EE /* enum */ = {
			isa = PBXGroup;
			children = (
				9D9B4DBB21A28DBA006110EE /* ViewMode.swift */,
			);
			path = enum;
			sourceTree = "<group>";
		};
		9DF4EFAB2172175200CA4DE7 = {
			isa = PBXGroup;
			children = (
				9DF4EFDA21721BDC00CA4DE7 /* CircleView.framework */,
				9DF4EFB72172175200CA4DE7 /* MessageInput */,
				9DF4EFC52172176D00CA4DE7 /* Example */,
				9DF4EFB62172175200CA4DE7 /* Products */,
				9D511262218AD7A300886938 /* Frameworks */,
			);
			sourceTree = "<group>";
		};
		9DF4EFB62172175200CA4DE7 /* Products */ = {
			isa = PBXGroup;
			children = (
				9DF4EFB52172175200CA4DE7 /* MessageInput.framework */,
				9DF4EFC42172176D00CA4DE7 /* Example.app */,
			);
			name = Products;
			sourceTree = "<group>";
		};
		9DF4EFB72172175200CA4DE7 /* MessageInput */ = {
			isa = PBXGroup;
			children = (
				9D9B4DBA21A28DA9006110EE /* enum */,
				9D0A79AE2198099F009696D0 /* model */,
				9D86CADD2189442A00C8F5CB /* view */,
				9DF4EFB92172175200CA4DE7 /* Info.plist */,
				9DF4EFD8217218BC00CA4DE7 /* MessageInput.swift */,
				9D0A79752194095B009696D0 /* MessageInputDelegate.swift */,
				9DF4EFE42172348900CA4DE7 /* MessageInputConfiguration.swift */,
				9D0A79462193D955009696D0 /* Assets.xcassets */,
			);
			path = MessageInput;
			sourceTree = "<group>";
		};
		9DF4EFC52172176D00CA4DE7 /* Example */ = {
			isa = PBXGroup;
			children = (
				9DF4EFC62172176D00CA4DE7 /* AppDelegate.swift */,
				9DF4EFC82172176D00CA4DE7 /* ViewController.swift */,
				9DF4EFCA2172176D00CA4DE7 /* Main.storyboard */,
				9DF4EFCD2172176F00CA4DE7 /* Assets.xcassets */,
				9DF4EFCF2172176F00CA4DE7 /* LaunchScreen.storyboard */,
				9DF4EFD22172176F00CA4DE7 /* Info.plist */,
			);
			path = Example;
			sourceTree = "<group>";
		};
/* End PBXGroup section */

/* Begin PBXHeadersBuildPhase section */
		9DF4EFB22172175200CA4DE7 /* Headers */ = {
			isa = PBXHeadersBuildPhase;
			buildActionMask = 2147483647;
			files = (
			);
			runOnlyForDeploymentPostprocessing = 0;
		};
/* End PBXHeadersBuildPhase section */

/* Begin PBXNativeTarget section */
		9DF4EFB42172175200CA4DE7 /* MessageInput */ = {
			isa = PBXNativeTarget;
			buildConfigurationList = 9DF4EFBD2172175200CA4DE7 /* Build configuration list for PBXNativeTarget "MessageInput" */;
			buildPhases = (
				9DF4EFB02172175200CA4DE7 /* Sources */,
				9DF4EFB12172175200CA4DE7 /* Frameworks */,
				9DF4EFB22172175200CA4DE7 /* Headers */,
				9DF4EFB32172175200CA4DE7 /* Resources */,
				9D511261218AD73600886938 /* ShellScript */,
			);
			buildRules = (
			);
			dependencies = (
			);
			name = MessageInput;
			productName = MessageInput;
			productReference = 9DF4EFB52172175200CA4DE7 /* MessageInput.framework */;
			productType = "com.apple.product-type.framework";
		};
		9DF4EFC32172176D00CA4DE7 /* Example */ = {
			isa = PBXNativeTarget;
			buildConfigurationList = 9DF4EFD32172176F00CA4DE7 /* Build configuration list for PBXNativeTarget "Example" */;
			buildPhases = (
				9DF4EFC02172176D00CA4DE7 /* Sources */,
				9DF4EFC12172176D00CA4DE7 /* Frameworks */,
				9DF4EFC22172176D00CA4DE7 /* Resources */,
				9D5167AE2192DCBF0047BBEE /* Embed Frameworks */,
			);
			buildRules = (
			);
			dependencies = (
				9DF4EFD7217218A500CA4DE7 /* PBXTargetDependency */,
			);
			name = Example;
			productName = Example;
			productReference = 9DF4EFC42172176D00CA4DE7 /* Example.app */;
			productType = "com.apple.product-type.application";
		};
/* End PBXNativeTarget section */

/* Begin PBXProject section */
		9DF4EFAC2172175200CA4DE7 /* Project object */ = {
			isa = PBXProject;
			attributes = {
				LastSwiftUpdateCheck = 0940;
				LastUpgradeCheck = 0940;
				ORGANIZATIONNAME = finstao;
				TargetAttributes = {
					9DF4EFB42172175200CA4DE7 = {
						CreatedOnToolsVersion = 9.4.1;
						LastSwiftMigration = 0940;
					};
					9DF4EFC32172176D00CA4DE7 = {
						CreatedOnToolsVersion = 9.4.1;
					};
				};
			};
			buildConfigurationList = 9DF4EFAF2172175200CA4DE7 /* Build configuration list for PBXProject "MessageInput" */;
			compatibilityVersion = "Xcode 9.3";
			developmentRegion = en;
			hasScannedForEncodings = 0;
			knownRegions = (
				en,
				Base,
			);
			mainGroup = 9DF4EFAB2172175200CA4DE7;
			productRefGroup = 9DF4EFB62172175200CA4DE7 /* Products */;
			projectDirPath = "";
			projectRoot = "";
			targets = (
				9DF4EFB42172175200CA4DE7 /* MessageInput */,
				9DF4EFC32172176D00CA4DE7 /* Example */,
			);
		};
/* End PBXProject section */

/* Begin PBXResourcesBuildPhase section */
		9DF4EFB32172175200CA4DE7 /* Resources */ = {
			isa = PBXResourcesBuildPhase;
			buildActionMask = 2147483647;
			files = (
				9D0A79472193D955009696D0 /* Assets.xcassets in Resources */,
			);
			runOnlyForDeploymentPostprocessing = 0;
		};
		9DF4EFC22172176D00CA4DE7 /* Resources */ = {
			isa = PBXResourcesBuildPhase;
			buildActionMask = 2147483647;
			files = (
				9DF4EFD12172176F00CA4DE7 /* LaunchScreen.storyboard in Resources */,
				9DF4EFCE2172176F00CA4DE7 /* Assets.xcassets in Resources */,
				9DF4EFCC2172176D00CA4DE7 /* Main.storyboard in Resources */,
			);
			runOnlyForDeploymentPostprocessing = 0;
		};
/* End PBXResourcesBuildPhase section */

/* Begin PBXShellScriptBuildPhase section */
		9D511261218AD73600886938 /* ShellScript */ = {
			isa = PBXShellScriptBuildPhase;
			buildActionMask = 2147483647;
			files = (
			);
			inputPaths = (
				"$(SRCROOT)/Carthage/Build/iOS/VoiceInput.framework",
				"$(SRCROOT)/Carthage/Build/iOS/EmotionInput.framework",
				"$(SRCROOT)/Carthage/Build/iOS/CircleView.framework",
				"$(SRCROOT)/Carthage/Build/iOS/SimpleButton.framework",
				"$(SRCROOT)/Carthage/Build/iOS/DotIndicator.framework",
				"$(SRCROOT)/Carthage/Build/iOS/CameraView.framework",
				"$(SRCROOT)/Carthage/Build/iOS/RoundView.framework",
			);
			outputPaths = (
			);
			runOnlyForDeploymentPostprocessing = 0;
			shellPath = /bin/sh;
			shellScript = "/usr/local/bin/carthage copy-frameworks";
		};
/* End PBXShellScriptBuildPhase section */

/* Begin PBXSourcesBuildPhase section */
		9DF4EFB02172175200CA4DE7 /* Sources */ = {
			isa = PBXSourcesBuildPhase;
			buildActionMask = 2147483647;
			files = (
				9DF4EFE52172348900CA4DE7 /* MessageInputConfiguration.swift in Sources */,
				9D0A79762194095B009696D0 /* MessageInputDelegate.swift in Sources */,
				9DF4EFD9217218BC00CA4DE7 /* MessageInput.swift in Sources */,
				9D9B4DBC21A28DBA006110EE /* ViewMode.swift in Sources */,
				9DF4EFE321722EC000CA4DE7 /* FeatureButton.swift in Sources */,
				9D0A79B0219809C0009696D0 /* ImageFile.swift in Sources */,
			);
			runOnlyForDeploymentPostprocessing = 0;
		};
		9DF4EFC02172176D00CA4DE7 /* Sources */ = {
			isa = PBXSourcesBuildPhase;
			buildActionMask = 2147483647;
			files = (
				9DF4EFC92172176D00CA4DE7 /* ViewController.swift in Sources */,
				9DF4EFC72172176D00CA4DE7 /* AppDelegate.swift in Sources */,
			);
			runOnlyForDeploymentPostprocessing = 0;
		};
/* End PBXSourcesBuildPhase section */

/* Begin PBXTargetDependency section */
		9DF4EFD7217218A500CA4DE7 /* PBXTargetDependency */ = {
			isa = PBXTargetDependency;
			target = 9DF4EFB42172175200CA4DE7 /* MessageInput */;
			targetProxy = 9DF4EFD6217218A500CA4DE7 /* PBXContainerItemProxy */;
		};
/* End PBXTargetDependency section */

/* Begin PBXVariantGroup section */
		9DF4EFCA2172176D00CA4DE7 /* Main.storyboard */ = {
			isa = PBXVariantGroup;
			children = (
				9DF4EFCB2172176D00CA4DE7 /* Base */,
			);
			name = Main.storyboard;
			sourceTree = "<group>";
		};
		9DF4EFCF2172176F00CA4DE7 /* LaunchScreen.storyboard */ = {
			isa = PBXVariantGroup;
			children = (
				9DF4EFD02172176F00CA4DE7 /* Base */,
			);
			name = LaunchScreen.storyboard;
			sourceTree = "<group>";
		};
/* End PBXVariantGroup section */

/* Begin XCBuildConfiguration section */
		9DF4EFBB2172175200CA4DE7 /* Debug */ = {
			isa = XCBuildConfiguration;
			buildSettings = {
				ALWAYS_SEARCH_USER_PATHS = NO;
				CLANG_ANALYZER_NONNULL = YES;
				CLANG_ANALYZER_NUMBER_OBJECT_CONVERSION = YES_AGGRESSIVE;
				CLANG_CXX_LANGUAGE_STANDARD = "gnu++14";
				CLANG_CXX_LIBRARY = "libc++";
				CLANG_ENABLE_MODULES = YES;
				CLANG_ENABLE_OBJC_ARC = YES;
				CLANG_ENABLE_OBJC_WEAK = YES;
				CLANG_WARN_BLOCK_CAPTURE_AUTORELEASING = YES;
				CLANG_WARN_BOOL_CONVERSION = YES;
				CLANG_WARN_COMMA = YES;
				CLANG_WARN_CONSTANT_CONVERSION = YES;
				CLANG_WARN_DEPRECATED_OBJC_IMPLEMENTATIONS = YES;
				CLANG_WARN_DIRECT_OBJC_ISA_USAGE = YES_ERROR;
				CLANG_WARN_DOCUMENTATION_COMMENTS = YES;
				CLANG_WARN_EMPTY_BODY = YES;
				CLANG_WARN_ENUM_CONVERSION = YES;
				CLANG_WARN_INFINITE_RECURSION = YES;
				CLANG_WARN_INT_CONVERSION = YES;
				CLANG_WARN_NON_LITERAL_NULL_CONVERSION = YES;
				CLANG_WARN_OBJC_IMPLICIT_RETAIN_SELF = YES;
				CLANG_WARN_OBJC_LITERAL_CONVERSION = YES;
				CLANG_WARN_OBJC_ROOT_CLASS = YES_ERROR;
				CLANG_WARN_RANGE_LOOP_ANALYSIS = YES;
				CLANG_WARN_STRICT_PROTOTYPES = YES;
				CLANG_WARN_SUSPICIOUS_MOVE = YES;
				CLANG_WARN_UNGUARDED_AVAILABILITY = YES_AGGRESSIVE;
				CLANG_WARN_UNREACHABLE_CODE = YES;
				CLANG_WARN__DUPLICATE_METHOD_MATCH = YES;
				CODE_SIGN_IDENTITY = "iPhone Developer";
				COPY_PHASE_STRIP = NO;
				CURRENT_PROJECT_VERSION = 1;
				DEBUG_INFORMATION_FORMAT = dwarf;
				ENABLE_STRICT_OBJC_MSGSEND = YES;
				ENABLE_TESTABILITY = YES;
				GCC_C_LANGUAGE_STANDARD = gnu11;
				GCC_DYNAMIC_NO_PIC = NO;
				GCC_NO_COMMON_BLOCKS = YES;
				GCC_OPTIMIZATION_LEVEL = 0;
				GCC_PREPROCESSOR_DEFINITIONS = (
					"DEBUG=1",
					"$(inherited)",
				);
				GCC_WARN_64_TO_32_BIT_CONVERSION = YES;
				GCC_WARN_ABOUT_RETURN_TYPE = YES_ERROR;
				GCC_WARN_UNDECLARED_SELECTOR = YES;
				GCC_WARN_UNINITIALIZED_AUTOS = YES_AGGRESSIVE;
				GCC_WARN_UNUSED_FUNCTION = YES;
				GCC_WARN_UNUSED_VARIABLE = YES;
				IPHONEOS_DEPLOYMENT_TARGET = 8.0;
				MTL_ENABLE_DEBUG_INFO = YES;
				ONLY_ACTIVE_ARCH = YES;
				SDKROOT = iphoneos;
				SWIFT_ACTIVE_COMPILATION_CONDITIONS = DEBUG;
				SWIFT_OPTIMIZATION_LEVEL = "-Onone";
				VERSIONING_SYSTEM = "apple-generic";
				VERSION_INFO_PREFIX = "";
			};
			name = Debug;
		};
		9DF4EFBC2172175200CA4DE7 /* Release */ = {
			isa = XCBuildConfiguration;
			buildSettings = {
				ALWAYS_SEARCH_USER_PATHS = NO;
				CLANG_ANALYZER_NONNULL = YES;
				CLANG_ANALYZER_NUMBER_OBJECT_CONVERSION = YES_AGGRESSIVE;
				CLANG_CXX_LANGUAGE_STANDARD = "gnu++14";
				CLANG_CXX_LIBRARY = "libc++";
				CLANG_ENABLE_MODULES = YES;
				CLANG_ENABLE_OBJC_ARC = YES;
				CLANG_ENABLE_OBJC_WEAK = YES;
				CLANG_WARN_BLOCK_CAPTURE_AUTORELEASING = YES;
				CLANG_WARN_BOOL_CONVERSION = YES;
				CLANG_WARN_COMMA = YES;
				CLANG_WARN_CONSTANT_CONVERSION = YES;
				CLANG_WARN_DEPRECATED_OBJC_IMPLEMENTATIONS = YES;
				CLANG_WARN_DIRECT_OBJC_ISA_USAGE = YES_ERROR;
				CLANG_WARN_DOCUMENTATION_COMMENTS = YES;
				CLANG_WARN_EMPTY_BODY = YES;
				CLANG_WARN_ENUM_CONVERSION = YES;
				CLANG_WARN_INFINITE_RECURSION = YES;
				CLANG_WARN_INT_CONVERSION = YES;
				CLANG_WARN_NON_LITERAL_NULL_CONVERSION = YES;
				CLANG_WARN_OBJC_IMPLICIT_RETAIN_SELF = YES;
				CLANG_WARN_OBJC_LITERAL_CONVERSION = YES;
				CLANG_WARN_OBJC_ROOT_CLASS = YES_ERROR;
				CLANG_WARN_RANGE_LOOP_ANALYSIS = YES;
				CLANG_WARN_STRICT_PROTOTYPES = YES;
				CLANG_WARN_SUSPICIOUS_MOVE = YES;
				CLANG_WARN_UNGUARDED_AVAILABILITY = YES_AGGRESSIVE;
				CLANG_WARN_UNREACHABLE_CODE = YES;
				CLANG_WARN__DUPLICATE_METHOD_MATCH = YES;
				CODE_SIGN_IDENTITY = "iPhone Developer";
				COPY_PHASE_STRIP = NO;
				CURRENT_PROJECT_VERSION = 1;
				DEBUG_INFORMATION_FORMAT = "dwarf-with-dsym";
				ENABLE_NS_ASSERTIONS = NO;
				ENABLE_STRICT_OBJC_MSGSEND = YES;
				GCC_C_LANGUAGE_STANDARD = gnu11;
				GCC_NO_COMMON_BLOCKS = YES;
				GCC_WARN_64_TO_32_BIT_CONVERSION = YES;
				GCC_WARN_ABOUT_RETURN_TYPE = YES_ERROR;
				GCC_WARN_UNDECLARED_SELECTOR = YES;
				GCC_WARN_UNINITIALIZED_AUTOS = YES_AGGRESSIVE;
				GCC_WARN_UNUSED_FUNCTION = YES;
				GCC_WARN_UNUSED_VARIABLE = YES;
				IPHONEOS_DEPLOYMENT_TARGET = 8.0;
				MTL_ENABLE_DEBUG_INFO = NO;
				SDKROOT = iphoneos;
				SWIFT_COMPILATION_MODE = wholemodule;
				SWIFT_OPTIMIZATION_LEVEL = "-O";
				VALIDATE_PRODUCT = YES;
				VERSIONING_SYSTEM = "apple-generic";
				VERSION_INFO_PREFIX = "";
			};
			name = Release;
		};
		9DF4EFBE2172175200CA4DE7 /* Debug */ = {
			isa = XCBuildConfiguration;
			buildSettings = {
				ALWAYS_EMBED_SWIFT_STANDARD_LIBRARIES = YES;
				CLANG_ENABLE_MODULES = YES;
				CODE_SIGN_IDENTITY = "";
				CODE_SIGN_STYLE = Automatic;
				DEFINES_MODULE = YES;
				DEVELOPMENT_TEAM = N276SVAZ33;
				DYLIB_COMPATIBILITY_VERSION = 1;
				DYLIB_CURRENT_VERSION = 1;
				DYLIB_INSTALL_NAME_BASE = "@rpath";
				FRAMEWORK_SEARCH_PATHS = (
					"$(SRCROOT)/Carthage/Build/iOS",
					"$(PROJECT_DIR)/Carthage/Build/iOS",
				);
				INFOPLIST_FILE = MessageInput/Info.plist;
				INSTALL_PATH = "$(LOCAL_LIBRARY_DIR)/Frameworks";
				IPHONEOS_DEPLOYMENT_TARGET = 9.0;
				LD_RUNPATH_SEARCH_PATHS = (
					"$(inherited)",
					"@executable_path/Frameworks",
					"@loader_path/Frameworks",
				);
				PRODUCT_BUNDLE_IDENTIFIER = com.finstao.MessageInput;
				PRODUCT_NAME = "$(TARGET_NAME:c99extidentifier)";
				SKIP_INSTALL = YES;
				SWIFT_OPTIMIZATION_LEVEL = "-Onone";
				SWIFT_VERSION = 4.0;
				TARGETED_DEVICE_FAMILY = "1,2";
			};
			name = Debug;
		};
		9DF4EFBF2172175200CA4DE7 /* Release */ = {
			isa = XCBuildConfiguration;
			buildSettings = {
				ALWAYS_EMBED_SWIFT_STANDARD_LIBRARIES = YES;
				CLANG_ENABLE_MODULES = YES;
				CODE_SIGN_IDENTITY = "";
				CODE_SIGN_STYLE = Automatic;
				DEFINES_MODULE = YES;
				DEVELOPMENT_TEAM = N276SVAZ33;
				DYLIB_COMPATIBILITY_VERSION = 1;
				DYLIB_CURRENT_VERSION = 1;
				DYLIB_INSTALL_NAME_BASE = "@rpath";
				FRAMEWORK_SEARCH_PATHS = (
					"$(SRCROOT)/Carthage/Build/iOS",
					"$(PROJECT_DIR)/Carthage/Build/iOS",
				);
				INFOPLIST_FILE = MessageInput/Info.plist;
				INSTALL_PATH = "$(LOCAL_LIBRARY_DIR)/Frameworks";
				IPHONEOS_DEPLOYMENT_TARGET = 9.0;
				LD_RUNPATH_SEARCH_PATHS = (
					"$(inherited)",
					"@executable_path/Frameworks",
					"@loader_path/Frameworks",
				);
				PRODUCT_BUNDLE_IDENTIFIER = com.finstao.MessageInput;
				PRODUCT_NAME = "$(TARGET_NAME:c99extidentifier)";
				SKIP_INSTALL = YES;
				SWIFT_VERSION = 4.0;
				TARGETED_DEVICE_FAMILY = "1,2";
			};
			name = Release;
		};
		9DF4EFD42172176F00CA4DE7 /* Debug */ = {
			isa = XCBuildConfiguration;
			buildSettings = {
				ALWAYS_EMBED_SWIFT_STANDARD_LIBRARIES = YES;
				ASSETCATALOG_COMPILER_APPICON_NAME = AppIcon;
				CODE_SIGN_STYLE = Automatic;
				DEVELOPMENT_TEAM = N276SVAZ33;
				FRAMEWORK_SEARCH_PATHS = (
					"$(inherited)",
					"$(PROJECT_DIR)/Carthage/Build/iOS",
				);
				INFOPLIST_FILE = Example/Info.plist;
				IPHONEOS_DEPLOYMENT_TARGET = 9.0;
				LD_RUNPATH_SEARCH_PATHS = (
					"$(inherited)",
					"@executable_path/Frameworks",
				);
				PRODUCT_BUNDLE_IDENTIFIER = com.finstao.dev;
				PRODUCT_NAME = "$(TARGET_NAME)";
				SWIFT_VERSION = 4.0;
				TARGETED_DEVICE_FAMILY = "1,2";
			};
			name = Debug;
		};
		9DF4EFD52172176F00CA4DE7 /* Release */ = {
			isa = XCBuildConfiguration;
			buildSettings = {
				ALWAYS_EMBED_SWIFT_STANDARD_LIBRARIES = YES;
				ASSETCATALOG_COMPILER_APPICON_NAME = AppIcon;
				CODE_SIGN_STYLE = Automatic;
				DEVELOPMENT_TEAM = N276SVAZ33;
				FRAMEWORK_SEARCH_PATHS = (
					"$(inherited)",
					"$(PROJECT_DIR)/Carthage/Build/iOS",
				);
				INFOPLIST_FILE = Example/Info.plist;
				IPHONEOS_DEPLOYMENT_TARGET = 9.0;
				LD_RUNPATH_SEARCH_PATHS = (
					"$(inherited)",
					"@executable_path/Frameworks",
				);
				PRODUCT_BUNDLE_IDENTIFIER = com.finstao.dev;
				PRODUCT_NAME = "$(TARGET_NAME)";
				SWIFT_VERSION = 4.0;
				TARGETED_DEVICE_FAMILY = "1,2";
			};
			name = Release;
		};
/* End XCBuildConfiguration section */

/* Begin XCConfigurationList section */
		9DF4EFAF2172175200CA4DE7 /* Build configuration list for PBXProject "MessageInput" */ = {
			isa = XCConfigurationList;
			buildConfigurations = (
				9DF4EFBB2172175200CA4DE7 /* Debug */,
				9DF4EFBC2172175200CA4DE7 /* Release */,
			);
			defaultConfigurationIsVisible = 0;
			defaultConfigurationName = Release;
		};
		9DF4EFBD2172175200CA4DE7 /* Build configuration list for PBXNativeTarget "MessageInput" */ = {
			isa = XCConfigurationList;
			buildConfigurations = (
				9DF4EFBE2172175200CA4DE7 /* Debug */,
				9DF4EFBF2172175200CA4DE7 /* Release */,
			);
			defaultConfigurationIsVisible = 0;
			defaultConfigurationName = Release;
		};
		9DF4EFD32172176F00CA4DE7 /* Build configuration list for PBXNativeTarget "Example" */ = {
			isa = XCConfigurationList;
			buildConfigurations = (
				9DF4EFD42172176F00CA4DE7 /* Debug */,
				9DF4EFD52172176F00CA4DE7 /* Release */,
			);
			defaultConfigurationIsVisible = 0;
			defaultConfigurationName = Release;
		};
/* End XCConfigurationList section */
	};
	rootObject = 9DF4EFAC2172175200CA4DE7 /* Project object */;
}
